
Microsoft Visual Studio Solution File, Format Version 12.00
# Visual Studio Version 16
VisualStudioVersion = 16.0.810.9
MinimumVisualStudioVersion = 10.0.40219.1
Project("{FAE04EC0-301F-11D3-BF4B-00C04F79EFBC}") = "StrategyPatternExample", "StrategyPatternExample\StrategyPatternExample.csproj", "{632A46AF-0E9B-4787-A145-CBF405CFE424}"
EndProject
Global
	GlobalSection(SolutionConfigurationPlatforms) = preSolution
		Debug|Any CPU = Debug|Any CPU
		Release|Any CPU = Release|Any CPU
	EndGlobalSection
	GlobalSection(ProjectConfigurationPlatforms) = postSolution
		{632A46AF-0E9B-4787-A145-CBF405CFE424}.Debug|Any CPU.ActiveCfg = Debug|Any CPU
		{632A46AF-0E9B-4787-A145-CBF405CFE424}.Debug|Any CPU.Build.0 = Debug|Any CPU
		{632A46AF-0E9B-4787-A145-CBF405CFE424}.Release|Any CPU.ActiveCfg = Release|Any CPU
		{632A46AF-0E9B-4787-A145-CBF405CFE424}.Release|Any CPU.Build.0 = Release|Any CPU
	EndGlobalSection
	GlobalSection(SolutionProperties) = preSolution
		HideSolutionNode = FALSE
	EndGlobalSection
	GlobalSection(ExtensibilityGlobals) = postSolution
		SolutionGuid = {BAD945F1-56D8-4440-A1D5-420394E79DDB}
	EndGlobalSection
EndGlobal
